version = 1
revision = 3
requires-python = "==3.14.6"

[manifest]
members = [
    "taxrag",
    "taxrag-pipeline-adapters",
    "taxrag-pipeline-corpus-builder",
    "taxrag-pipeline-embeddings",
    "taxrag-pipeline-evaluation",
    "taxrag-pipeline-ingestion",
    "taxrag-sdk-python",
]

[[package]]
name = "attrs"
version = "26.1.0"
source = { registry = "https://pypi.org/simple" }
sdist = { url = "https://files.pythonhosted.org/packages/9a/8e/82a0fe20a541c03148528be8cac2408564a6c9a0cc7e9171802bc1d26985/attrs-26.1.0.tar.gz", hash = "sha256:d03ceb89cb322a8fd706d4fb91940737b6642aa36998fe130a9bc96c985eff32", size = 952055, upload-time = "2026-03-19T14:22:25.026Z" }
wheels = [
    { url = "https://files.pythonhosted.org/packages/64/b4/17d4b0b2a2dc85a6df63d1157e028ed19f90d4cd97c36717afef2bc2f395/attrs-26.1.0-py3-none-any.whl", hash = "sha256:c647aa4a12dfbad9333ca4e71fe62ddc36f4e63b2d260a37a8b83d2f043ac309", size = 67548, upload-time = "2026-03-19T14:22:23.645Z" },
]

[[package]]
name = "colorama"
version = "0.4.6"
source = { registry = "https://pypi.org/simple" }
sdist = { url = "https://files.pythonhosted.org/packages/d8/53/6f443c9a4a8358a93a6792e2acffb9d9d5cb0a5cfd8802644b7b1c9a02e4/colorama-0.4.6.tar.gz", hash = "sha256:08695f5cb7ed6e0531a20572697297273c47b8cae5a63ffc6d6ed5c201be6e44", size = 27697, upload-time = "2022-10-25T02:36:22.414Z" }
wheels = [
    { url = "https://files.pythonhosted.org/packages/d1/d6/3965ed04c63042e047cb6a3e6ed1a63a35087b6a609aa3a15ed8ac56c221/colorama-0.4.6-py2.py3-none-any.whl", hash = "sha256:4f1d9991f5acc0ca119f9d443620b77f9d6b33703e51011c16baf57afb285fc6", size = 25335, upload-time = "2022-10-25T02:36:20.889Z" },
]

[[package]]
name = "iniconfig"
version = "2.3.0"
source = { registry = "https://pypi.org/simple" }
sdist = { url = "https://files.pythonhosted.org/packages/72/34/14ca021ce8e5dfedc35312d08ba8bf51fdd999c576889fc2c24cb97f4f10/iniconfig-2.3.0.tar.gz", hash = "sha256:c76315c77db068650d49c5b56314774a7804df16fee4402c1f19d6d15d8c4730", size = 20503, upload-time = "2025-10-18T21:55:43.219Z" }
wheels = [
    { url = "https://files.pythonhosted.org/packages/cb/b1/3846dd7f199d53cb17f49cba7e651e9ce294d8497c8c150530ed11865bb8/iniconfig-2.3.0-py3-none-any.whl", hash = "sha256:f631c04d2c48c52b84d0d0549c99ff3859c98df65b3101406327ecc7d53fbf12", size = 7484, upload-time = "2025-10-18T21:55:41.639Z" },
]

[[package]]
name = "jsonschema"
version = "4.26.0"
source = { registry = "https://pypi.org/simple" }
dependencies = [
    { name = "attrs" },
    { name = "jsonschema-specifications" },
    { name = "referencing" },
    { name = "rpds-py" },
]
sdist = { url = "https://files.pythonhosted.org/packages/b3/fc/e067678238fa451312d4c62bf6e6cf5ec56375422aee02f9cb5f909b3047/jsonschema-4.26.0.tar.gz", hash = "sha256:0c26707e2efad8aa1bfc5b7ce170f3fccc2e4918ff85989ba9ffa9facb2be326", size = 366583, upload-time = "2026-01-07T13:41:07.246Z" }
wheels = [
    { url = "https://files.pythonhosted.org/packages/69/90/f63fb5873511e014207a475e2bb4e8b2e570d655b00ac19a9a0ca0a385ee/jsonschema-4.26.0-py3-none-any.whl", hash = "sha256:d489f15263b8d200f8387e64b4c3a75f06629559fb73deb8fdfb525f2dab50ce", size = 90630, upload-time = "2026-01-07T13:41:05.306Z" },
]

[[package]]
name = "jsonschema-specifications"
version = "2025.9.1"
source = { registry = "https://pypi.org/simple" }
dependencies = [
    { name = "referencing" },
]
sdist = { url = "https://files.pythonhosted.org/packages/19/74/a633ee74eb36c44aa6d1095e7cc5569bebf04342ee146178e2d36600708b/jsonschema_specifications-2025.9.1.tar.gz", hash = "sha256:b540987f239e745613c7a9176f3edb72b832a4ac465cf02712288397832b5e8d", size = 32855, upload-time = "2025-09-08T01:34:59.186Z" }
wheels = [
    { url = "https://files.pythonhosted.org/packages/41/45/1a4ed80516f02155c51f51e8cedb3c1902296743db0bbc66608a0db2814f/jsonschema_specifications-2025.9.1-py3-none-any.whl", hash = "sha256:98802fee3a11ee76ecaca44429fda8a41bff98b00a0f2838151b113f210cc6fe", size = 18437, upload-time = "2025-09-08T01:34:57.871Z" },
]

[[package]]
name = "numkong"
version = "7.8.0"
source = { registry = "https://pypi.org/simple" }
sdist = { url = "https://files.pythonhosted.org/packages/27/04/9dc8fdfeb261c619b3f1b66979368becd3aebbfca299a28ec07fb589b5d9/numkong-7.8.0.tar.gz", hash = "sha256:4c4577c3cb64f9b5fa0d005809ccfa01fb6a52f4f53e6d445a22e63bd59525c9", size = 1196071, upload-time = "2026-08-07T15:20:48.223Z" }
wheels = [
    { url = "https://files.pythonhosted.org/packages/3d/28/830883b97225799829e9bebec744d4c929dd2635b884fc362cc9e0d0dae9/numkong-7.8.0-cp314-cp314-macosx_10_15_x86_64.whl", hash = "sha256:f6ff667465ba96ae03e6a930c2ce378c7611a64a1afb2e42f105b61e6d5151a5", size = 627286, upload-time = "2026-08-07T15:19:55.396Z" },
    { url = "https://files.pythonhosted.org/packages/38/c9/5e935a8aeb7eb9f8a1b2e861eae0b549acaeca146e49617f019d4b2ce45c/numkong-7.8.0-cp314-cp314-macosx_11_0_arm64.whl", hash = "sha256:1f24c2e6d4fe558eea27bab453acf33401e1d6bd7f65fccb1fd2d20c0fcb7681", size = 620571, upload-time = "2026-08-07T15:19:56.918Z" },
    { url = "https://files.pythonhosted.org/packages/f3/3b/ac9479d139c82c9de2dc775a01afbf8729bc53cc699f0ebc950d0ae4fdb0/numkong-7.8.0-cp314-cp314-manylinux2014_i686.manylinux_2_17_i686.manylinux_2_28_i686.whl", hash = "sha256:7509ea718bbd0d22c02e2a9292198ad250525c1c89d611f36a329c4803bc40fb", size = 2251579, upload-time = "2026-08-07T15:19:58.482Z" },
    { url = "https://files.pythonhosted.org/packages/7f/a9/4d7314ce2ef3880066b2321c1a7483a4546c8092a2a1cd5e7fe9a3dbc6b8/numkong-7.8.0-cp314-cp314-manylinux2014_ppc64le.manylinux_2_17_ppc64le.manylinux_2_28_ppc64le.whl", hash = "sha256:3d05f82f25cf07256364ff10b0729811aa32e82ce24e32c4931a43e7ea24f9ea", size = 2879074, upload-time = "2026-08-07T15:20:00.146Z" },
    { url = "https://files.pythonhosted.org/packages/5a/36/2d2ac5e2e9d4bd7736d790cce7a2d244e92e86af6fcf1d4693298ab4dd7d/numkong-7.8.0-cp314-cp314-manylinux2014_s390x.manylinux_2_17_s390x.manylinux_2_28_s390x.whl", hash = "sha256:412477a73b2bf944662069172f3ccdebbf06ecc667939a18db3c09f2fe241429", size = 2495579, upload-time = "2026-08-07T15:20:01.813Z" },
    { url = "https://files.pythonhosted.org/packages/53/6d/44afdd9973d07fdffbb432f916c757ae32c10f57be7b3c844d67e86083b7/numkong-7.8.0-cp314-cp314-manylinux_2_28_aarch64.whl", hash = "sha256:e0273da6c392ad693e049e2ce85e60501c26fcf2067c787a94519cc2b4209c20", size = 5387573, upload-time = "2026-08-07T15:20:04.133Z" },
    { url = "https://files.pythonhosted.org/packages/80/99/568de2380b54d29987e7b7d085e797e3e3db5fe224188ef0ada7b14a8103/numkong-7.8.0-cp314-cp314-manylinux_2_28_x86_64.whl", hash = "sha256:6c19e22b1f01185102d9c38a82e6fc1aecf4dbb917d0a74c79d58d92b6b6e4ca", size = 10499913, upload-time = "2026-08-07T15:20:06.222Z" },
    { url = "https://files.pythonhosted.org/packages/e9/c6/8bf5c40fda1442571dfb73a090cc370ebd6effe8e432fddeb02686f2c509/numkong-7.8.0-cp314-cp314-musllinux_1_2_aarch64.whl", hash = "sha256:d5429f332aef41c040835fe1f405422f2c90162d562e9bd26a17ef9e4a86a0cb", size = 5381127, upload-time = "2026-08-07T15:20:08.404Z" },
    { url = "https://files.pythonhosted.org/packages/ee/fd/1ea73f03e477030e0d6dcec1df4678520f70d90a3957d185c889c3a83fa8/numkong-7.8.0-cp314-cp314-musllinux_1_2_i686.whl", hash = "sha256:173a3c353f9ad39addd90d1936e09922d2d7a2f93810d931b9eda58bb192d313", size = 2303463, upload-time = "2026-08-07T15:20:10.589Z" },
    { url = "https://files.pythonhosted.org/packages/ec/05/b20b4935b482550721df4fb09210bb2eda903727db6aa7951f72778e3878/numkong-7.8.0-cp314-cp314-musllinux_1_2_ppc64le.whl", hash = "sha256:5ba09103bec2ccbfacddc561a50c1073f6d4b3961d200d398b698520b1bac796", size = 2866036, upload-time = "2026-08-07T15:20:12.513Z" },
    { url = "https://files.pythonhosted.org/packages/3f/38/ee7a89c629b67d788585f66fe00250ffd66cdc7dda86f5da412413640f58/numkong-7.8.0-cp314-cp314-musllinux_1_2_s390x.whl", hash = "sha256:2da0084ec3df2830e3d63c751dd210de6bc7020982d09bf3d7616a3c98133482", size = 2375204, upload-time = "2026-08-07T15:20:14.493Z" },
    { url = "https://files.pythonhosted.org/packages/a3/6f/5ebaf3e68491b06f8506ba3ae383de5dbc1cd8ec9f6141ebcfae092a4176/numkong-7.8.0-cp314-cp314-musllinux_1_2_x86_64.whl", hash = "sha256:fee54690e61fb17226cbcabd5e511c0e70dc83bf0af9b1b5524708a5500d84bc", size = 10343789, upload-time = "2026-08-07T15:20:16.542Z" },
    { url = "https://files.pythonhosted.org/packages/da/d7/bf97c9bd4890625435acf645753b0eae9daf0c287d72b508d5727078291e/numkong-7.8.0-cp314-cp314-win_amd64.whl", hash = "sha256:f24e89511073cf49369e40f27bab3467338ae674d861d0314e357c4190bce504", size = 506693, upload-time = "2026-08-07T15:20:18.868Z" },
    { url = "https://files.pythonhosted.org/packages/72/20/05498fa9fe7c4870ffaba992f730864c0bcd434bd084b91d7852aa1bd78c/numkong-7.8.0-cp314-cp314-win_arm64.whl", hash = "sha256:1506bd0f3a531f1ff61b9edcc0e4ce446b6c64958954af0b8d68939b1a0cb887", size = 452626, upload-time = "2026-08-07T15:20:20.355Z" },
    { url = "https://files.pythonhosted.org/packages/63/a5/ead743284d6a58ff81d9b1b69f7f65287c1e1abb420b45658a9a23cdc552/numkong-7.8.0-cp314-cp314t-macosx_10_15_x86_64.whl", hash = "sha256:fa5e4fc0feb429094058ea8dff3279aa290126e04d6fd64f39834ddf5511d1c5", size = 629294, upload-time = "2026-08-07T15:20:21.994Z" },
    { url = "https://files.pythonhosted.org/packages/7a/ec/c5e7f0d6df10fb50031d06b1718210fbae7e25755643b70ec41e1a71d012/numkong-7.8.0-cp314-cp314t-macosx_11_0_arm64.whl", hash = "sha256:ca9cf8fcfaa25fe8051f9d3ff5d943ebd45e59a2780344be997b931a6ff20678", size = 622974, upload-time = "2026-08-07T15:20:23.423Z" },
    { url = "https://files.pythonhosted.org/packages/35/d0/c1f5ead15dc395bc3edf241ab4cf12e349b5132b21511c0cf074e6635cd7/numkong-7.8.0-cp314-cp314t-manylinux2014_i686.manylinux_2_17_i686.manylinux_2_28_i686.whl", hash = "sha256:714cfb9aef8a01afbc2cb9c23968b501f25ce88354598df9729fd311901ff0ce", size = 2276994, upload-time = "2026-08-07T15:20:25.005Z" },
    { url = "https://files.pythonhosted.org/packages/46/f0/8d4b015ac9585d909a33b58d2bea2a8dd00aab4a7e37ae4cb8c9c0f4b298/numkong-7.8.0-cp314-cp314t-manylinux2014_ppc64le.manylinux_2_17_ppc64le.manylinux_2_28_ppc64le.whl", hash = "sha256:53d2c5aaa70ae25456fafaabc14c6c473c8929bdecc7d5d61df790b40d1a3a19", size = 2909339, upload-time = "2026-08-07T15:20:26.779Z" },
    { url = "https://files.pythonhosted.org/packages/63/e7/d78c20e31a9a6dc557c7f882942391c9657d6814e7f9953743322f64555e/numkong-7.8.0-cp314-cp314t-manylinux2014_s390x.manylinux_2_17_s390x.manylinux_2_28_s390x.whl", hash = "sha256:94bccc5bb2ed9b5c15f5f19a69f3f74d63a475f34e05dfd31e82559bc416ad4a", size = 2529932, upload-time = "2026-08-07T15:20:28.516Z" },
    { url = "https://files.pythonhosted.org/packages/77/ed/f275d114fa75759a5c8ba2d8b0c13bb81856a913589476674118da538453/numkong-7.8.0-cp314-cp314t-manylinux_2_28_aarch64.whl", hash = "sha256:73b7cd682cf56add3b84b670bce187e1060da94057f88ecc5b504f0f0615dcd9", size = 5420010, upload-time = "2026-08-07T15:20:30.386Z" },
    { url = "https://files.pythonhosted.org/packages/8e/11/fa9cb0da3b58537f3a5d222368b31bd1f979c4fd3a6a955f9399be563069/numkong-7.8.0-cp314-cp314t-manylinux_2_28_x86_64.whl", hash = "sha256:4adc3de7954e9951da46b98bc45bdfa0a50217032bda703f7b4a48ee3143e98c", size = 10530689, upload-time = "2026-08-07T15:20:32.472Z" },
    { url = "https://files.pythonhosted.org/packages/50/63/d484a1db9d39050b8fffa70b765b704d384dde36da6a4d1d6490acf6e9ff/numkong-7.8.0-cp314-cp314t-musllinux_1_2_aarch64.whl", hash = "sha256:acfdfe89e6554db25bcb3195f49e1d70be4ae48bc8305df39ff3deeb05f155c5", size = 5413015, upload-time = "2026-08-07T15:20:35.171Z" },
    { url = "https://files.pythonhosted.org/packages/3a/49/5c13da4e06d0fed5893257ee2d5787a601d05bea35a8882e5ece85e75d7a/numkong-7.8.0-cp314-cp314t-musllinux_1_2_i686.whl", hash = "sha256:eba7900257d6ac9f78f196486247b84756813a62f7de03be78af0119488b8dba", size = 2327492, upload-time = "2026-08-07T15:20:37.07Z" },
    { url = "https://files.pythonhosted.org/packages/f6/05/1d5132e1743a8fc6926b89c113e406ed585e072ce15b0833f3119846afb0/numkong-7.8.0-cp314-cp314t-musllinux_1_2_ppc64le.whl", hash = "sha256:e490e6e1966c5d388a8540189784c1728b429b13574d51a324ff4ff1aee26bb1", size = 2896020, upload-time = "2026-08-07T15:20:38.867Z" },
    { url = "https://files.pythonhosted.org/packages/db/df/682483fb476758addce5adabee7b3bc5930220337c29be671f996e08c524/numkong-7.8.0-cp314-cp314t-musllinux_1_2_s390x.whl", hash = "sha256:deec0d7b44feea4506aa1430fddb4809800fb855eee64f01b08fb924c2d7ecc3", size = 2406838, upload-time = "2026-08-07T15:20:40.497Z" },
    { url = "https://files.pythonhosted.org/packages/f6/cb/c395bfc136e5a76f2f2f1405f8904cd6cdf29f777a509e7e531a94bba776/numkong-7.8.0-cp314-cp314t-musllinux_1_2_x86_64.whl", hash = "sha256:3719f5d4250f6b5f5fb611ec1f7d867be24d6b0d0cae2f59f629012620ed5c0e", size = 10371353, upload-time = "2026-08-07T15:20:42.475Z" },
    { url = "https://files.pythonhosted.org/packages/66/bf/79d55955383f32e3138bb337f02f9e2fe7977bebb5fbaf439758619a1e15/numkong-7.8.0-cp314-cp314t-win_amd64.whl", hash = "sha256:32ceb77c948145f252bac5f17c36815de78b3b4b41c68aee23292d71a952957c", size = 509319, upload-time = "2026-08-07T15:20:44.747Z" },
    { url = "https://files.pythonhosted.org/packages/c6/12/c5eedd0ae1e6cce89e0699c26f00ad3e92c2dd3d18a9b05064feb5c20b77/numkong-7.8.0-cp314-cp314t-win_arm64.whl", hash = "sha256:0b645873852493f15a595c9a4b1ebbb5a81e0b7149c9d1d6b2a86e5292e324f5", size = 454099, upload-time = "2026-08-07T15:20:46.635Z" },
]

[[package]]
name = "numpy"
version = "2.5.2"
source = { registry = "https://pypi.org/simple" }
sdist = { url = "https://files.pythonhosted.org/packages/9a/80/db0b4559e57ec36362bedbb05530a87fafbcb6067708c946967a41d449e7/numpy-2.5.2.tar.gz", hash = "sha256:d482d171c406ae88c5b19cad3b6a1c4c5209f886ab74bc44c2c865c23f52d860", size = 20773161, upload-time = "2026-08-09T13:48:27.962Z" }
wheels = [
    { url = "https://files.pythonhosted.org/packages/ac/f8/c3b222bf075b50afd8e949a07a15c4b312a4a84bd8102a332bcd953cbbb4/numpy-2.5.2-cp314-cp314-macosx_10_15_x86_64.whl", hash = "sha256:d787cf769c3baeb5f6235e778edb52c08dfa923789b5958f28e6450f96107cb1", size = 16885180, upload-time = "2026-08-09T13:46:03.939Z" },
    { url = "https://files.pythonhosted.org/packages/17/e1/2c1d4b1987795a92b5bbf7c24fe249ab96aa2573ab0d7604802c189d7b86/numpy-2.5.2-cp314-cp314-macosx_11_0_arm64.whl", hash = "sha256:24b9dc2e3d84aa58523798805194e23e736f3f6ce2d1a5b92583ae734e6dbda8", size = 11907878, upload-time = "2026-08-09T13:46:07.045Z" },
    { url = "https://files.pythonhosted.org/packages/b9/ee/d08226fc858044355983a6e5b94f08ff6f3969e0a2b160a4a89f0ddb3445/numpy-2.5.2-cp314-cp314-macosx_14_0_arm64.whl", hash = "sha256:9e9413326d726c2545bfa65d2c0876871e8d8386e77f992c1d426e180bbd4323", size = 5354922, upload-time = "2026-08-09T13:46:10.04Z" },
    { url = "https://files.pythonhosted.org/packages/94/f0/6d3d933056440ebbc5e6bad92065fc6c26a48a84a36b1208580e94eea76c/numpy-2.5.2-cp314-cp314-macosx_14_0_x86_64.whl", hash = "sha256:60e902ac295855348a5ca2ea4c89108989a9f5fddfad3dfc0a8f36b10358567e", size = 6679168, upload-time = "2026-08-09T13:46:12.275Z" },
    { url = "https://files.pythonhosted.org/packages/c4/3b/ecd49dd90033cceb2704d88ca905d4d7d89b0e8c739608754ffd325fa820/numpy-2.5.2-cp314-cp314-manylinux_2_27_aarch64.manylinux_2_28_aarch64.whl", hash = "sha256:50e500dc868e9313530ce12ba470fe50ff3afe3d62993ed6eff652dacd555b65", size = 15624501, upload-time = "2026-08-09T13:46:15.322Z" },
    { url = "https://files.pythonhosted.org/packages/c7/99/461bd36dbdfac6c1c53efa370bd55a83227542d0d118f1677dbf1a3dacd5/numpy-2.5.2-cp314-cp314-manylinux_2_27_x86_64.manylinux_2_28_x86_64.whl", hash = "sha256:318b9a4c845dbea06708a29c84ee429cc3065048db34cdb799047643492050ee", size = 16713701, upload-time = "2026-08-09T13:46:18.949Z" },
    { url = "https://files.pythonhosted.org/packages/f9/9c/2b251df9e8a5d647b62b0cbc1b90a91850c1cf4859ecb532fd0b4eacff6c/numpy-2.5.2-cp314-cp314-musllinux_1_2_aarch64.whl", hash = "sha256:34c319e2963be042673fb46570501b2f06c41924e17e3563d58646b4380dfb68", size = 16986065, upload-time = "2026-08-09T13:46:23.006Z" },
    { url = "https://files.pythonhosted.org/packages/8f/25/20de43f53ff1390534a124475055a19f01fe10c920a0fd11b8e18d6d6052/numpy-2.5.2-cp314-cp314-musllinux_1_2_x86_64.whl", hash = "sha256:f06571a052127dc1b4e8b83029b4d1b20daa2b64a31cdd181fc6bc774e9000eb", size = 18470031, upload-time = "2026-08-09T13:46:27.102Z" },
    { url = "https://files.pythonhosted.org/packages/56/5e/0c577ca308d6da5eb79b546ba10bbe5b60148192194e2da060913b1de4f1/numpy-2.5.2-cp314-cp314-win32.whl", hash = "sha256:2cc779226e476d1e1f08c74068c419e60f41a9e0e069c92f6671d31d5c985e98", size = 6121028, upload-time = "2026-08-09T13:46:30.046Z" },
    { url = "https://files.pythonhosted.org/packages/15/5c/7bcbd5b11f94199073320410cddcbb80cee62415bfeb540874b265c2d922/numpy-2.5.2-cp314-cp314-win_amd64.whl", hash = "sha256:7587f53dfbd5edc0f7b87c6217b4c6d2d1f2ef9c3da70bc1315e7db5f8d7ec9d", size = 12597627, upload-time = "2026-08-09T13:46:32.886Z" },
    { url = "https://files.pythonhosted.org/packages/87/bc/4d0b06fba0da90ccc75af62823cb9dcedb6c9ea0cffa058cb2c9ee773a77/numpy-2.5.2-cp314-cp314-win_arm64.whl", hash = "sha256:3e4c367352d3747784248a227fbec218e193b56f7e6692e3b64fc805478ecfdf", size = 10680414, upload-time = "2026-08-09T13:46:36.036Z" },
    { url = "https://files.pythonhosted.org/packages/cd/17/f429aac9dc08833a0d0f188eba38c532a751b1a1f2ca6018a37b455cb321/numpy-2.5.2-cp314-cp314t-macosx_11_0_arm64.whl", hash = "sha256:b879fb674276e331513fb136b78dbc6bd3c848309e0d841cfd63be3896c4cfc1", size = 12026967, upload-time = "2026-08-09T13:46:39.084Z" },
    { url = "https://files.pythonhosted.org/packages/ca/9f/d0849de96a2a4ceaa16662f18ee13eaa9c0aa418269fdc8c4857c56b11da/numpy-2.5.2-cp314-cp314t-macosx_14_0_arm64.whl", hash = "sha256:fd0d703772bba096843785bd38371e31bb4a0c1151497ad5739d182114a73f7f", size = 5473874, upload-time = "2026-08-09T13:46:42.075Z" },
    { url = "https://files.pythonhosted.org/packages/89/3c/8df216d4a4a5422a3de045301cf7df8ea47286d76f5cb7160b0128ac26b7/numpy-2.5.2-cp314-cp314t-macosx_14_0_x86_64.whl", hash = "sha256:3a2f061cebd9e3d23bdcfaaded5e2293a4c6a5b60fa42df85d410a725ce621bf", size = 6789276, upload-time = "2026-08-09T13:46:44.387Z" },
    { url = "https://files.pythonhosted.org/packages/e6/3a/20d7e9891c4ddfadd6ff8d95bf4b29f353d8e1770553de2099880551dfb9/numpy-2.5.2-cp314-cp314t-manylinux_2_27_aarch64.manylinux_2_28_aarch64.whl", hash = "sha256:6df895598c0edcb41030126c89e0f353b07d93238116143b7405e937359736c4", size = 15659154, upload-time = "2026-08-09T13:46:47.538Z" },
    { url = "https://files.pythonhosted.org/packages/aa/d6/f3aa3d2688bf501b858835c6bd087ae9b51a56ae6fca8e2b0990abd177af/numpy-2.5.2-cp314-cp314t-manylinux_2_27_x86_64.manylinux_2_28_x86_64.whl", hash = "sha256:1ab3d4a901f844ea836c3e80bf463c6a27d7f3c14e8e292fcf28d348b25b9bce", size = 16748909, upload-time = "2026-08-09T13:46:51.442Z" },
    { url = "https://files.pythonhosted.org/packages/7d/8f/1c5cae8d2baf86ab802ae97a00be55bc7e21ebc11b12bbc33376c5f05342/numpy-2.5.2-cp314-cp314t-musllinux_1_2_aarch64.whl", hash = "sha256:cebc2d6dbb605a7703d59751dea4bd6b0ab127a5a4338a6f432df1936fef8b26", size = 17027685, upload-time = "2026-08-09T13:46:55.095Z" },
    { url = "https://files.pythonhosted.org/packages/5c/27/71d3467404aedc1c24ce79610f91b52b0b0f466c43a701aa56fc75c145ab/numpy-2.5.2-cp314-cp314t-musllinux_1_2_x86_64.whl", hash = "sha256:eaca7ff36f0f52e2111ec71f169d8fd3e889e7ddc0d2592e0d703fd8d3ce8fac", size = 18501181, upload-time = "2026-08-09T13:46:59.09Z" },
    { url = "https://files.pythonhosted.org/packages/14/2f/42921d27c40aea7e077f4a423ae509fd9220b028cd787bafefd8ab2b3a5f/numpy-2.5.2-cp314-cp314t-win32.whl", hash = "sha256:ddf47472af2e4280d79bac82304f5e80150211f1b9e614b760061d5fdfbb6eba", size = 6271085, upload-time = "2026-08-09T13:47:01.903Z" },
    { url = "https://files.pythonhosted.org/packages/75/e6/bad5f5d56de9b1971bac959963dda276d35c40f1854475005434bbe08692/numpy-2.5.2-cp314-cp314t-win_amd64.whl", hash = "sha256:44ef9675d908e65f9953063837c3277730f3f4437615a4cdab67b366cabaf884", size = 12787971, upload-time = "2026-08-09T13:47:04.963Z" },
    { url = "https://files.pythonhosted.org/packages/df/05/f608795cb34391acd67e38d94a3c36abd8d8576293a3a80727d7595c372c/numpy-2.5.2-cp314-cp314t-win_arm64.whl", hash = "sha256:eaa088384c46f519dacb93b7ec483a6d6b19a4a2085ae4f25ab9b1c43d387d1e", size = 10750306, upload-time = "2026-08-09T13:47:07.976Z" },
]

[[package]]
name = "packaging"
version = "26.3"
source = { registry = "https://pypi.org/simple" }
sdist = { url = "https://files.pythonhosted.org/packages/7d/fa/3944b40b07da9ce895c0e6303a5ab7d53da063554f534556b134a54d6093/packaging-26.3.tar.gz", hash = "sha256:94edc256424af38762eb31306eed28beb9f0efc50a8837492c9d6fd6004aed79", size = 313412, upload-time = "2026-08-04T18:15:28.737Z" }
wheels = [
    { url = "https://files.pythonhosted.org/packages/63/34/ba1c580383c9eada3711951fef0795c80b829a078d72188184bcab9dd527/packaging-26.3-py3-none-any.whl", hash = "sha256:d7193f7c8e4e93f444fde0262bf90af30e16fa0ad0ad44cb553c87339b23cd1c", size = 129956, upload-time = "2026-08-04T18:15:27.159Z" },
]

[[package]]
name = "pluggy"
version = "1.6.0"
source = { registry = "https://pypi.org/simple" }
sdist = { url = "https://files.pythonhosted.org/packages/f9/e2/3e91f31a7d2b083fe6ef3fa267035b518369d9511ffab804f839851d2779/pluggy-1.6.0.tar.gz", hash = "sha256:7dcc130b76258d33b90f61b658791dede3486c3e6bfb003ee5c9bfb396dd22f3", size = 69412, upload-time = "2025-05-15T12:30:07.975Z" }
wheels = [
    { url = "https://files.pythonhosted.org/packages/54/20/4d324d65cc6d9205fabedc306948156824eb9f0ee1633355a8f7ec5c66bf/pluggy-1.6.0-py3-none-any.whl", hash = "sha256:e920276dd6813095e9377c0bc5566d94c932c33b27a3e3945d8389c374dd4746", size = 20538, upload-time = "2025-05-15T12:30:06.134Z" },
]

[[package]]
name = "pygments"
version = "2.20.0"
source = { registry = "https://pypi.org/simple" }
sdist = { url = "https://files.pythonhosted.org/packages/c3/b2/bc9c9196916376152d655522fdcebac55e66de6603a76a02bca1b6414f6c/pygments-2.20.0.tar.gz", hash = "sha256:6757cd03768053ff99f3039c1a36d6c0aa0b263438fcab17520b30a303a82b5f", size = 4955991, upload-time = "2026-03-29T13:29:33.898Z" }
wheels = [
    { url = "https://files.pythonhosted.org/packages/f4/7e/a72dd26f3b0f4f2bf1dd8923c85f7ceb43172af56d63c7383eb62b332364/pygments-2.20.0-py3-none-any.whl", hash = "sha256:81a9e26dd42fd28a23a2d169d86d7ac03b46e2f8b59ed4698fb4785f946d0176", size = 1231151, upload-time = "2026-03-29T13:29:30.038Z" },
]

[[package]]
name = "pytest"
version = "8.4.2"
source = { registry = "https://pypi.org/simple" }
dependencies = [
    { name = "colorama", marker = "sys_platform == 'win32'" },
    { name = "iniconfig" },
    { name = "packaging" },
    { name = "pluggy" },
    { name = "pygments" },
]
sdist = { url = "https://files.pythonhosted.org/packages/a3/5c/00a0e072241553e1a7496d638deababa67c5058571567b92a7eaa258397c/pytest-8.4.2.tar.gz", hash = "sha256:86c0d0b93306b961d58d62a4db4879f27fe25513d4b969df351abdddb3c30e01", size = 1519618, upload-time = "2025-09-04T14:34:22.711Z" }
wheels = [
    { url = "https://files.pythonhosted.org/packages/a8/a4/20da314d277121d6534b3a980b29035dcd51e6744bd79075a6ce8fa4eb8d/pytest-8.4.2-py3-none-any.whl", hash = "sha256:872f880de3fc3a5bdc88a11b39c9710c3497a547cfa9320bc3c5e62fbf272e79", size = 365750, upload-time = "2025-09-04T14:34:20.226Z" },
]

[[package]]
name = "referencing"
version = "0.37.0"
source = { registry = "https://pypi.org/simple" }
dependencies = [
    { name = "attrs" },
    { name = "rpds-py" },
]
sdist = { url = "https://files.pythonhosted.org/packages/22/f5/df4e9027acead3ecc63e50fe1e36aca1523e1719559c499951bb4b53188f/referencing-0.37.0.tar.gz", hash = "sha256:44aefc3142c5b842538163acb373e24cce6632bd54bdb01b21ad5863489f50d8", size = 78036, upload-time = "2025-10-13T15:30:48.871Z" }
wheels = [
    { url = "https://files.pythonhosted.org/packages/2c/58/ca301544e1fa93ed4f80d724bf5b194f6e4b945841c5bfd555878eea9fcb/referencing-0.37.0-py3-none-any.whl", hash = "sha256:381329a9f99628c9069361716891d34ad94af76e461dcb0335825aecc7692231", size = 26766, upload-time = "2025-10-13T15:30:47.625Z" },
]

[[package]]
name = "rpds-py"
version = "2026.6.3"
source = { registry = "https://pypi.org/simple" }
sdist = { url = "https://files.pythonhosted.org/packages/aa/2a/9618a122aeb2a169a28b03889a2995fe297588964333d4a7d67bdf46e147/rpds_py-2026.6.3.tar.gz", hash = "sha256:1cebd1337c242e4ec2293e541f712b2da849b29f48f0c293684b71c0632625d4", size = 64051, upload-time = "2026-06-30T07:17:53.009Z" }
wheels = [
    { url = "https://files.pythonhosted.org/packages/b6/36/7fbe9dcdaf857fb3f63c2a2284b62492d95f5e8334e947e5fb6e7f68c9be/rpds_py-2026.6.3-cp314-cp314-macosx_10_12_x86_64.whl", hash = "sha256:931908d9fc855d8f74783377822be318edb6dcb19e47169dc038f9a1bf60b06e", size = 344510, upload-time = "2026-06-30T07:15:57.921Z" },
    { url = "https://files.pythonhosted.org/packages/ba/54/f785cc3d3f60839ca57a5af4927a9f347b07b2799c373fc20f7949f87c7e/rpds_py-2026.6.3-cp314-cp314-macosx_11_0_arm64.whl", hash = "sha256:d7469697dce35be237db177d42e2a2ee26e6dcc5fc052078a6fefabd288c6edd", size = 339495, upload-time = "2026-06-30T07:15:59.238Z" },
    { url = "https://files.pythonhosted.org/packages/63/ef/d4cdaf309e6b095b43597103cf8c0b951d6cca2acce68c474f75ec12e0c7/rpds_py-2026.6.3-cp314-cp314-manylinux_2_17_aarch64.manylinux2014_aarch64.whl", hash = "sha256:bcfbcf66006befb9fd2aeaa9e01feaf881b4dc330a02ba07d2322b1c11be7b5d", size = 369454, upload-time = "2026-06-30T07:16:01.021Z" },
    { url = "https://files.pythonhosted.org/packages/96/4a/9559a68b7ee15db09d7981212e8c2e219d2a1d6d4faa0391d813c3496a36/rpds_py-2026.6.3-cp314-cp314-manylinux_2_17_armv7l.manylinux2014_armv7l.whl", hash = "sha256:847927daf4cffbd4e90e42bc890069897101edd015f956cb8721b3473372edda", size = 374583, upload-time = "2026-06-30T07:16:02.287Z" },
    { url = "https://files.pythonhosted.org/packages/ef/75/8964aa7d2c6e8ac43eba8eb6e6b0fdda1f46d39f2fc3e6aa9f2cb17f485d/rpds_py-2026.6.3-cp314-cp314-manylinux_2_17_ppc64le.manylinux2014_ppc64le.whl", hash = "sha256:aca6c1ef08a82bfe327cc156da694660f599923e2e6665b6d81c9c2d0ac9ffc8", size = 492919, upload-time = "2026-06-30T07:16:03.723Z" },
    { url = "https://files.pythonhosted.org/packages/8f/97/6908094ac804115e65aedfd90f1b5fee4eebebd3f6c4cfc5419939267565/rpds_py-2026.6.3-cp314-cp314-manylinux_2_17_s390x.manylinux2014_s390x.whl", hash = "sha256:ae50181a047c871561212bb97f7932a2d45fb53e947bd9b57ebad85b529cbc53", size = 383725, upload-time = "2026-06-30T07:16:05.305Z" },
    { url = "https://files.pythonhosted.org/packages/d1/9c/0d1fdc2e7aba23e290d603bc494e97bd205bae262ce33c6b32a69768ed5e/rpds_py-2026.6.3-cp314-cp314-manylinux_2_17_x86_64.manylinux2014_x86_64.whl", hash = "sha256:dc319e5a1de4b6913aac94bf6a2f9e847371e0a140a43dd4991db1a09bc2d504", size = 367255, upload-time = "2026-06-30T07:16:07.086Z" },
    { url = "https://files.pythonhosted.org/packages/c4/fe/f0209ca4a9ed074bc8acb44dfd0e81c3122e94c9689f5645b7973a866719/rpds_py-2026.6.3-cp314-cp314-manylinux_2_31_riscv64.whl", hash = "sha256:e4316bf32babbed84e691e352faf967ce2f0f024174a8643c37c94a1080374fc", size = 379060, upload-time = "2026-06-30T07:16:08.525Z" },
    { url = "https://files.pythonhosted.org/packages/c6/8d/f1cc54c616b9d8897de8738aac148d20afca93f68187475fe194d09a71b9/rpds_py-2026.6.3-cp314-cp314-manylinux_2_5_i686.manylinux1_i686.whl", hash = "sha256:8c6e5a2f750cc71c3e3b11d71661f21d6f9bc6cebc6564b1466417a1ec03ec77", size = 395960, upload-time = "2026-06-30T07:16:09.989Z" },
    { url = "https://files.pythonhosted.org/packages/fb/04/aafff00f73aeca2945f734f1d483c64ab8f472d0864ab02377fd8e89c3b2/rpds_py-2026.6.3-cp314-cp314-musllinux_1_2_aarch64.whl", hash = "sha256:4470ce197d4090875cf6affbf1f853338387428df97c4fb7b7106317b8214698", size = 545356, upload-time = "2026-06-30T07:16:11.816Z" },
    { url = "https://files.pythonhosted.org/packages/fd/cc/e229663b9e4ddac5a4acbe9085dd80a71af2a5d356b8b39d6bff233f24b0/rpds_py-2026.6.3-cp314-cp314-musllinux_1_2_i686.whl", hash = "sha256:ea964164cc9afa72d4d9b23cc28dafae93693c0a53e0b42acbff15b22c3f9ddd", size = 612319, upload-time = "2026-06-30T07:16:13.586Z" },
    { url = "https://files.pythonhosted.org/packages/e3/7a/8a0e6d3e6cd066af108b71b43122c3fe158dd9eb86acac626593a2582eb1/rpds_py-2026.6.3-cp314-cp314-musllinux_1_2_x86_64.whl", hash = "sha256:639c8929aa0afe81be836b04de888460d6bed38b9c54cfc18da8f6bfabf5af5d", size = 573508, upload-time = "2026-06-30T07:16:15.23Z" },
    { url = "https://files.pythonhosted.org/packages/87/03/2a69ab618a789cf6cf85c86bb844c62d090e700ab1a2aa676b3741b6c516/rpds_py-2026.6.3-cp314-cp314-win32.whl", hash = "sha256:882076c00c0a608b131187055ddc5ae29f2e7eaf870d6168980420d58528a5c8", size = 202504, upload-time = "2026-06-30T07:16:16.893Z" },
    { url = "https://files.pythonhosted.org/packages/85/62/a3892ba945f4e24c78f352e5de3c7620d8479f73f211406a97263d13c7d2/rpds_py-2026.6.3-cp314-cp314-win_amd64.whl", hash = "sha256:0be972be84cfcaf46c8c6edf690ca0f154ac17babf1f6a955a51579b34ad2dc5", size = 220380, upload-time = "2026-06-30T07:16:18.108Z" },
    { url = "https://files.pythonhosted.org/packages/3d/e7/c2bd44dc831931815ad11ebb5f430b5a0a4d3caa9de837107876c30c3432/rpds_py-2026.6.3-cp314-cp314-win_arm64.whl", hash = "sha256:2a9c6f195058cb45335e8cc3802745c603d716eb96bc9625950c1aac71c0c703", size = 215976, upload-time = "2026-06-30T07:16:19.654Z" },
    { url = "https://files.pythonhosted.org/packages/79/9c/fff7b74bce9a091ec9a012a03f9ff5f69364eaf9451060dfc4486da2ffdd/rpds_py-2026.6.3-cp314-cp314t-macosx_10_12_x86_64.whl", hash = "sha256:f90938e92afda60266da758ee7d363447f7f0138c9559f9e1811629580582d90", size = 346840, upload-time = "2026-06-30T07:16:21.268Z" },
    { url = "https://files.pythonhosted.org/packages/e9/44/77bcb1168b33704908295533d27f10eb811e9e3e193e8993dc99572211d3/rpds_py-2026.6.3-cp314-cp314t-macosx_11_0_arm64.whl", hash = "sha256:ec829541c45bca16e61c7ae50c20501f213605beb75d1aba91a6ee37fbbb56a4", size = 340282, upload-time = "2026-06-30T07:16:22.875Z" },
    { url = "https://files.pythonhosted.org/packages/87/3c/7a9081c7c9e645b39efe19e4ffbeccd80add246327cd9b888aecffd72317/rpds_py-2026.6.3-cp314-cp314t-manylinux_2_17_aarch64.manylinux2014_aarch64.whl", hash = "sha256:afd70d95892096cdb26f15a00c45907b17817577aa8d1c76b2dcc2788391f9e9", size = 370403, upload-time = "2026-06-30T07:16:24.415Z" },
    { url = "https://files.pythonhosted.org/packages/f7/69/af47021eb7dad6ff3396cb001c08f0f3c4d06c20253f75be6421a59fe6b7/rpds_py-2026.6.3-cp314-cp314t-manylinux_2_17_armv7l.manylinux2014_armv7l.whl", hash = "sha256:29dfa0533a5d4c94d4dfa1b694fcb56c9c63aad8330ffdd816fd225d0a7a162f", size = 376055, upload-time = "2026-06-30T07:16:26.111Z" },
    { url = "https://files.pythonhosted.org/packages/81/fc/a3bcf517084396a6dd258c592567a3c011ba4557f2fde23dceaf26e74f2e/rpds_py-2026.6.3-cp314-cp314t-manylinux_2_17_ppc64le.manylinux2014_ppc64le.whl", hash = "sha256:af05d726809bff6b141be124d4c7ce998f9c9c7f30edb1f46c07aa103d540b41", size = 494419, upload-time = "2026-06-30T07:16:27.596Z" },
    { url = "https://files.pythonhosted.org/packages/c9/eb/13d529d1788135425c7bf207f8463458ca5d92e43f3f701365b83e9dffc1/rpds_py-2026.6.3-cp314-cp314t-manylinux_2_17_s390x.manylinux2014_s390x.whl", hash = "sha256:9826217f048f620d9a712672818bf231442c1b35d96b227a07eabd11b4bb6945", size = 384848, upload-time = "2026-06-30T07:16:29.183Z" },
    { url = "https://files.pythonhosted.org/packages/8e/f4/b7ac49f30013aba8f7b9566b1dd07e81de95e708c1374b7bacc5b9bc5c9c/rpds_py-2026.6.3-cp314-cp314t-manylinux_2_17_x86_64.manylinux2014_x86_64.whl", hash = "sha256:536bceea4fa4acf7e1c61da2b5786304367c816c8895be71b8f537c480b0ea1f", size = 371369, upload-time = "2026-06-30T07:16:30.912Z" },
    { url = "https://files.pythonhosted.org/packages/31/86/6260bafa622f788b07ddec0e52d810305c8b9b0b8c27f58a2ab04bf62b4f/rpds_py-2026.6.3-cp314-cp314t-manylinux_2_31_riscv64.whl", hash = "sha256:bc0011654b91cc4fb2ae701bec0a0ba1e552c0714247fa7af6c59e0ccfa3a4e1", size = 379673, upload-time = "2026-06-30T07:16:32.486Z" },
    { url = "https://files.pythonhosted.org/packages/19/c3/03f1ee79a047b48daeca157c89a18509cde22b6b951d642b9b0af1be660a/rpds_py-2026.6.3-cp314-cp314t-manylinux_2_5_i686.manylinux1_i686.whl", hash = "sha256:539d75de9e0d536c84ff18dfeb805398e58227001ce09231a26a08b9aed1ee0e", size = 397500, upload-time = "2026-06-30T07:16:34.471Z" },
    { url = "https://files.pythonhosted.org/packages/f0/95/8ed0cd8c377dca12aea498f119fe639fc474d1461545c39d2b5872eb1c0f/rpds_py-2026.6.3-cp314-cp314t-musllinux_1_2_aarch64.whl", hash = "sha256:166cf54d9f44fc6ceb53c7860258dde44a81406646de79f8ed3234fca3b6e538", size = 545978, upload-time = "2026-06-30T07:16:36.45Z" },
    { url = "https://files.pythonhosted.org/packages/d3/f2/0eb57f0eaa83f8fc152a7e03de968ab77e1f00732bebc892b190c6eebde7/rpds_py-2026.6.3-cp314-cp314t-musllinux_1_2_i686.whl", hash = "sha256:d34c20167764fbcf927194d532dd7e0c56772f0a5f943fa5ef9e9afbba8fb9db", size = 613350, upload-time = "2026-06-30T07:16:38.213Z" },
    { url = "https://files.pythonhosted.org/packages/5b/de/e0674bdbc3ef7634989b3f854c3f34bc1f587d36e5bfdc5c378d57034619/rpds_py-2026.6.3-cp314-cp314t-musllinux_1_2_x86_64.whl", hash = "sha256:ea7bb13b7c9a29791f87a0387ba7d3ad3a6d783d827e4d3f27b40a0ff44495e2", size = 576486, upload-time = "2026-06-30T07:16:39.797Z" },
    { url = "https://files.pythonhosted.org/packages/f2/f6/21101359743cd136ada781e8210a85769578422ba460672eea0e29739200/rpds_py-2026.6.3-cp314-cp314t-win32.whl", hash = "sha256:6de4744d05bd1aa1be4ed7ea1189e3979196808008113bbbf899a460966b925e", size = 201068, upload-time = "2026-06-30T07:16:41.316Z" },
    { url = "https://files.pythonhosted.org/packages/a6/b2/9574d4d44f7760c2aa32d92a0a4f41698e33f5b204a0bf5c9758f52c79d5/rpds_py-2026.6.3-cp314-cp314t-win_amd64.whl", hash = "sha256:c7b9a2f8f4d8e90af72571d3d495deebdd7e3c75451f5b41719aee166e940fc2", size = 220600, upload-time = "2026-06-30T07:16:43.091Z" },
]

[[package]]
name = "taxrag"
version = "0.0.0"
source = { virtual = "." }

[package.dev-dependencies]
dev = [
    { name = "pytest" },
]

[package.metadata]

[package.metadata.requires-dev]
dev = [{ name = "pytest", specifier = "==8.4.2" }]

[[package]]
name = "taxrag-pipeline-adapters"
version = "0.0.0"
source = { virtual = "pipelines/adapters" }

[[package]]
name = "taxrag-pipeline-corpus-builder"
version = "0.0.0"
source = { virtual = "pipelines/corpus-builder" }
dependencies = [
    { name = "jsonschema" },
]

[package.metadata]
requires-dist = [{ name = "jsonschema", specifier = "==4.26.0" }]

[[package]]
name = "taxrag-pipeline-embeddings"
version = "0.0.0"
source = { virtual = "pipelines/embeddings" }
dependencies = [
    { name = "numpy" },
    { name = "usearch" },
]

[package.metadata]
requires-dist = [
    { name = "numpy", specifier = "==2.5.2" },
    { name = "usearch", specifier = "==2.26.0" },
]

[[package]]
name = "taxrag-pipeline-evaluation"
version = "0.0.0"
source = { virtual = "pipelines/evaluation" }

[[package]]
name = "taxrag-pipeline-ingestion"
version = "0.0.0"
source = { virtual = "pipelines/ingestion" }

[[package]]
name = "taxrag-sdk-python"
version = "0.0.0"
source = { virtual = "sdk/python" }

[[package]]
name = "tqdm"
version = "4.70.0"
source = { registry = "https://pypi.org/simple" }
dependencies = [
    { name = "colorama", marker = "sys_platform == 'win32'" },
]
sdist = { url = "https://files.pythonhosted.org/packages/21/3b/6c24bec5be5e743ffd99576daa5cc077722fc7d5bbc00bd133fa0c698dc6/tqdm-4.70.0.tar.gz", hash = "sha256:55b0b0dbd97462d06ebee91e4dac24ed4d4702be82b24f07e6c1d27e08cea220", size = 795438, upload-time = "2026-07-27T11:33:15.271Z" }
wheels = [
    { url = "https://files.pythonhosted.org/packages/f9/1c/01bfd571a64e7f270e6bab5e33777debe0edc56759233ce84f27dec92d14/tqdm-4.70.0-py3-none-any.whl", hash = "sha256:7f585706bfddbdebf89daac705b2dfcc16890130727d3197ca62c732b4310953", size = 80184, upload-time = "2026-07-27T11:33:13.167Z" },
]

[[package]]
name = "usearch"
version = "2.26.0"
source = { registry = "https://pypi.org/simple" }
dependencies = [
    { name = "numkong" },
    { name = "numpy" },
    { name = "tqdm" },
]
wheels = [
    { url = "https://files.pythonhosted.org/packages/7a/eb/5be51104e14bf653ac2efe8115f392e090919fb60b25d3734bde0eb1a4fa/usearch-2.26.0-cp314-cp314-macosx_10_15_universal2.whl", hash = "sha256:16f62e572d16ec97abe963d4750ad7ebc724351d0af84b8ae082a41df536f5a7", size = 910877, upload-time = "2026-07-10T19:06:03.185Z" },
    { url = "https://files.pythonhosted.org/packages/b9/20/c14bb356dd30f7b9273c5a6d0ad2ff65c6a88e59b3ed9b24827013f4bff1/usearch-2.26.0-cp314-cp314-macosx_10_15_x86_64.whl", hash = "sha256:e29ddff74f5369598d76526b6ab73e78bf3b93ebaa92d69702b1f222716d33dd", size = 489184, upload-time = "2026-07-10T19:06:04.98Z" },
    { url = "https://files.pythonhosted.org/packages/6d/0b/89da3ef65461544902c317346b5ab4eb0b0ab3eba76aadb65c90c6606bad/usearch-2.26.0-cp314-cp314-macosx_11_0_arm64.whl", hash = "sha256:33d612b0261fc8149ab99f3068b06854af2540ace820f89ca8de36a250db7c6c", size = 469692, upload-time = "2026-07-10T19:06:06.616Z" },
    { url = "https://files.pythonhosted.org/packages/1d/d5/743502c9367c7f596c6b40f2deaf4a9481dce3d064bb6b49cc45ce7aa615/usearch-2.26.0-cp314-cp314-manylinux_2_26_aarch64.manylinux_2_28_aarch64.whl", hash = "sha256:b310e3730282f695b8f65d895c47335e7656162032fe39a60d900ac499d5de7b", size = 2297751, upload-time = "2026-07-10T19:06:08.258Z" },
    { url = "https://files.pythonhosted.org/packages/b9/99/d48d3ccad898aaff259018caf072b0ad49b67220c968b8eb5e6d96b131a5/usearch-2.26.0-cp314-cp314-manylinux_2_26_x86_64.manylinux_2_28_x86_64.whl", hash = "sha256:55c16f8aaaeade920d592df9edd632f00bd871bcfc2a6ccca7812c3cb3606e45", size = 2391542, upload-time = "2026-07-10T19:06:09.893Z" },
    { url = "https://files.pythonhosted.org/packages/51/a0/4ad54d617d1c707243e5342fe82d12b469f317faa2a008acb769f2ade8ba/usearch-2.26.0-cp314-cp314-musllinux_1_2_aarch64.whl", hash = "sha256:3c952cf279b2f35fdf6d7b3e1ff0c3c804f4dd32055829c4c8a7f37d41b2bce0", size = 2345568, upload-time = "2026-07-10T19:06:12.206Z" },
    { url = "https://files.pythonhosted.org/packages/57/f8/2767465000bd692a88eccb2f16c744859e1d469868a3afc9819665caec64/usearch-2.26.0-cp314-cp314-musllinux_1_2_x86_64.whl", hash = "sha256:00a745edc60a3a50020064ac6d5f338b1dba4244a91f2301a051951c1461944e", size = 2447669, upload-time = "2026-07-10T19:06:14.162Z" },
    { url = "https://files.pythonhosted.org/packages/5b/67/31a136a0f4a76e040380cff403b8cf41c316c07d45a122c8e92f59343335/usearch-2.26.0-cp314-cp314-win_amd64.whl", hash = "sha256:f5a8d5fdd8a2f3e05cb19020edd9012c5c6463965e057b77666891a726b0f3c4", size = 353866, upload-time = "2026-07-10T19:06:15.813Z" },
    { url = "https://files.pythonhosted.org/packages/ea/7e/7553066ddc26c077995e238a6720a3a46cc112ed15ec7f3461bf4b330240/usearch-2.26.0-cp314-cp314-win_arm64.whl", hash = "sha256:f03bb61519155adb7b4fbcc49c107db2e5930985fa7e7e87c0ce680ebbe84823", size = 348838, upload-time = "2026-07-10T19:06:17.3Z" },
    { url = "https://files.pythonhosted.org/packages/42/cb/b719c3c85edd5bb2aa26c7f658cbc5f563806c78dbbb1c9f5cc562790238/usearch-2.26.0-cp314-cp314t-macosx_10_15_universal2.whl", hash = "sha256:0b0369dea7e6a03205b1e93b2fc0903cc006f1159edaaec5a17970efd8d7fbce", size = 950122, upload-time = "2026-07-10T19:06:18.808Z" },
    { url = "https://files.pythonhosted.org/packages/42/ff/c0f01f44a0ebad506c4c3680f73d91922916aa1d8430d8037e86aa3d963e/usearch-2.26.0-cp314-cp314t-macosx_10_15_x86_64.whl", hash = "sha256:1e49dfeb351c030403ba172d3b8ea383b3dd6804b4dbfa9079e2c22314251a7d", size = 508074, upload-time = "2026-07-10T19:06:20.346Z" },
    { url = "https://files.pythonhosted.org/packages/0f/39/ddcf460895643b81b3ae605095381b7a17df2e8340b602fad200e2463fe7/usearch-2.26.0-cp314-cp314t-macosx_11_0_arm64.whl", hash = "sha256:c9ba2d3c255eba41ac6ba99ed86821357bb47acb8b0ee793f6b6ff021426f6c5", size = 489882, upload-time = "2026-07-10T19:06:21.942Z" },
    { url = "https://files.pythonhosted.org/packages/05/ba/c23d48fcd8a8f7fd9808565cf031c1182b1abe265dae76c1358b8cf8c6fd/usearch-2.26.0-cp314-cp314t-manylinux_2_26_aarch64.manylinux_2_28_aarch64.whl", hash = "sha256:7a30d19ea2110fd1f099e5510c30d1ad614782ce67d7f678d1d31bbf06f7aa0c", size = 2304710, upload-time = "2026-07-10T19:06:23.568Z" },
    { url = "https://files.pythonhosted.org/packages/4f/f8/b2c75a343e5ac9957dda2818f867199742a35230a1f9db869285b2081532/usearch-2.26.0-cp314-cp314t-manylinux_2_26_x86_64.manylinux_2_28_x86_64.whl", hash = "sha256:cde6016e2c874d968441e3c5fc9e348061324e4e136ad5f2c1e0607dffe7c964", size = 2402813, upload-time = "2026-07-10T19:06:25.29Z" },
    { url = "https://files.pythonhosted.org/packages/f3/ac/35b0510ac5eb484895ff3e8f8348638e896ea813fd65ad418e0ca6a96779/usearch-2.26.0-cp314-cp314t-musllinux_1_2_aarch64.whl", hash = "sha256:24637b4db4b87f5edebe4ecbcabab842c41661248f241314b822eab0009b9933", size = 2354405, upload-time = "2026-07-10T19:06:26.87Z" },
    { url = "https://files.pythonhosted.org/packages/2e/89/68b45d437ed2220531cf35202258d88da74b7070a9a5a9f3d0a8b150ae90/usearch-2.26.0-cp314-cp314t-musllinux_1_2_x86_64.whl", hash = "sha256:b9ea4927eee40dd733ed4d52aa1b3e30303b82c73b3d22d7762d294af07ed9d6", size = 2452198, upload-time = "2026-07-10T19:06:28.521Z" },
    { url = "https://files.pythonhosted.org/packages/9d/e5/a6150a0e39ff6fa758309f7a6ca676f323e9e72b2c4703a399b47a6ebb88/usearch-2.26.0-cp314-cp314t-win_amd64.whl", hash = "sha256:2b626aaefe38e860833d68006e0de655a7ec19c651d2a57182e9c103b08fe0ac", size = 377921, upload-time = "2026-07-10T19:06:30.376Z" },
    { url = "https://files.pythonhosted.org/packages/c3/15/c8ee7fec7d9c55405b4ade046e04c82fc7991113c03f563255ac6e723661/usearch-2.26.0-cp314-cp314t-win_arm64.whl", hash = "sha256:3e6c8df9c418102658d7e6e692e1d1f6d14b7d61f514c665bceb5eee3a4a0e83", size = 360184, upload-time = "2026-07-10T19:06:31.914Z" },
]
